
Microsoft Visual Studio Solution File, Format Version 12.00
Project("{FAE04EC0-301F-11D3-BF4B-00C04F79EFBC}") = "Core", "src\Core\Core.csproj", "{D1AA6AD3-5170-4ABD-B79B-1175F2D2892C}"
EndProject
Project("{FAE04EC0-301F-11D3-BF4B-00C04F79EFBC}") = "Unit.Tests", "tests\Unit.Tests\Unit.Tests.csproj", "{6DBECACE-1C02-4126-AAA5-45DF95BE0B4A}"
EndProject
Project("{FAE04EC0-301F-11D3-BF4B-00C04F79EFBC}") = "Plugins", "src\Plugins\Plugins.csproj", "{07D85431-197B-4BA6-AE33-0B070EC47704}"
EndProject
Project("{FAE04EC0-301F-11D3-BF4B-00C04F79EFBC}") = "Integration.Tests", "tests\Integration.Tests\Integration.Tests.csproj", "{B3CF33B9-9A50-424B-B709-7FD82F2B3786}"
EndProject
Project("{2150E333-8FDC-42A3-9474-1A3956D46DE8}") = "Tests", "Tests", "{3363AB4E-EB59-48FC-8D9F-00615C8AE831}"
EndProject
Project("{FAE04EC0-301F-11D3-BF4B-00C04F79EFBC}") = "Plugins.Windows", "src\Plugins.Windows\Plugins.Windows.csproj", "{8920F78A-F90E-49DA-AC1D-AAAFC25802DB}"
EndProject
Project("{FAE04EC0-301F-11D3-BF4B-00C04F79EFBC}") = "WinApp", "src\WinApp\WinApp.csproj", "{191FE8B0-0434-4513-9DF8-E576589228F3}"
EndProject
Global
	GlobalSection(SolutionConfigurationPlatforms) = preSolution
		Debug|Any CPU = Debug|Any CPU
		Release|Any CPU = Release|Any CPU
	EndGlobalSection
	GlobalSection(ProjectConfigurationPlatforms) = postSolution
		{D1AA6AD3-5170-4ABD-B79B-1175F2D2892C}.Debug|Any CPU.ActiveCfg = Debug|Any CPU
		{D1AA6AD3-5170-4ABD-B79B-1175F2D2892C}.Debug|Any CPU.Build.0 = Debug|Any CPU
		{D1AA6AD3-5170-4ABD-B79B-1175F2D2892C}.Release|Any CPU.ActiveCfg = Release|Any CPU
		{D1AA6AD3-5170-4ABD-B79B-1175F2D2892C}.Release|Any CPU.Build.0 = Release|Any CPU
		{6DBECACE-1C02-4126-AAA5-45DF95BE0B4A}.Debug|Any CPU.ActiveCfg = Debug|Any CPU
		{6DBECACE-1C02-4126-AAA5-45DF95BE0B4A}.Debug|Any CPU.Build.0 = Debug|Any CPU
		{6DBECACE-1C02-4126-AAA5-45DF95BE0B4A}.Release|Any CPU.ActiveCfg = Release|Any CPU
		{6DBECACE-1C02-4126-AAA5-45DF95BE0B4A}.Release|Any CPU.Build.0 = Release|Any CPU
		{07D85431-197B-4BA6-AE33-0B070EC47704}.Debug|Any CPU.ActiveCfg = Debug|Any CPU
		{07D85431-197B-4BA6-AE33-0B070EC47704}.Debug|Any CPU.Build.0 = Debug|Any CPU
		{07D85431-197B-4BA6-AE33-0B070EC47704}.Release|Any CPU.ActiveCfg = Release|Any CPU
		{07D85431-197B-4BA6-AE33-0B070EC47704}.Release|Any CPU.Build.0 = Release|Any CPU
		{B3CF33B9-9A50-424B-B709-7FD82F2B3786}.Debug|Any CPU.ActiveCfg = Debug|Any CPU
		{B3CF33B9-9A50-424B-B709-7FD82F2B3786}.Debug|Any CPU.Build.0 = Debug|Any CPU
		{B3CF33B9-9A50-424B-B709-7FD82F2B3786}.Release|Any CPU.ActiveCfg = Release|Any CPU
		{B3CF33B9-9A50-424B-B709-7FD82F2B3786}.Release|Any CPU.Build.0 = Release|Any CPU
		{8920F78A-F90E-49DA-AC1D-AAAFC25802DB}.Debug|Any CPU.ActiveCfg = Debug|Any CPU
		{8920F78A-F90E-49DA-AC1D-AAAFC25802DB}.Debug|Any CPU.Build.0 = Debug|Any CPU
		{8920F78A-F90E-49DA-AC1D-AAAFC25802DB}.Release|Any CPU.ActiveCfg = Release|Any CPU
		{8920F78A-F90E-49DA-AC1D-AAAFC25802DB}.Release|Any CPU.Build.0 = Release|Any CPU
		{191FE8B0-0434-4513-9DF8-E576589228F3}.Debug|Any CPU.ActiveCfg = Debug|Any CPU
		{191FE8B0-0434-4513-9DF8-E576589228F3}.Debug|Any CPU.Build.0 = Debug|Any CPU
		{191FE8B0-0434-4513-9DF8-E576589228F3}.Release|Any CPU.ActiveCfg = Release|Any CPU
		{191FE8B0-0434-4513-9DF8-E576589228F3}.Release|Any CPU.Build.0 = Release|Any CPU
	EndGlobalSection
	GlobalSection(NestedProjects) = preSolution
		{B3CF33B9-9A50-424B-B709-7FD82F2B3786} = {3363AB4E-EB59-48FC-8D9F-00615C8AE831}
		{6DBECACE-1C02-4126-AAA5-45DF95BE0B4A} = {3363AB4E-EB59-48FC-8D9F-00615C8AE831}
	EndGlobalSection
EndGlobal
